[stack]
upstream = 7608f3b436ce1f84a4888f75e53079caa981a2e9
expectedHead = 9c72e2f9599e6bc74d99f3dd6a77d4dbfcbb076a
expectedTree = 09150962e99988e0508591635fc373590097c005
testCommand = make test
publishRemote = origin
publishBranch = main
repository = richardgill/codediff.nvim
noticePatch = fork-notice
patches =
    manual-build-libgomp
    move-keymap-scrolloff
    local-benchmarks
    explorer-gf
    initial-explorer-selection
    zero-hunk-navigation
    safe-last-diff-close
    ranged-line-highlights
    hide-native-tabline
    special-file-highlights
    preserve-explorer-state
    configurable-fillers
    highlight-attributes
    intraline-line-matching
    native-gutter-signs
    explorer-line-statistics
    local-native-build
    fork-notice

[patch "manual-build-libgomp"]
description = fix: trust manual builds before checking libgomp
file = patches/001-manual-build-libgomp.patch
originCommit = 1c5deaad57e1728f48236e6ed3ab0856e40dbdbd
pullRequest = https://github.com/esmuellert/codediff.nvim/pull/437

[patch "move-keymap-scrolloff"]
description = fix(keymaps): align moved blocks with nonzero scrolloff
file = patches/002-move-keymap-scrolloff.patch
originCommit = afa41e605639a1d25eec7182e09a3c533abcf978
pullRequest = https://github.com/esmuellert/codediff.nvim/pull/457

[patch "local-benchmarks"]
description = Add local performance benchmarks
file = patches/003-local-benchmarks.patch
originCommit = eddaa68268c29694e754747bd888a0f38fef6097
pullRequest = https://github.com/esmuellert/codediff.nvim/pull/458

[patch "explorer-gf"]
description = fix: "gf" shortcut should open selected explorer file in previous tab
file = patches/004-explorer-gf.patch
originCommit = 3de993a58d1ccafc7ad382cd2910c7375caf51ef
pullRequest = https://github.com/esmuellert/codediff.nvim/pull/321

[patch "initial-explorer-selection"]
description = fix(explorer): select the first visible file on initial open
file = patches/005-initial-explorer-selection.patch
originCommit = b12d658fdc38468ca2d35a11202a99fd0d8cf6df
pullRequest = https://github.com/esmuellert/codediff.nvim/pull/460

[patch "zero-hunk-navigation"]
description = fix(navigation): include zero-hunk files in cross-file cycling
file = patches/006-zero-hunk-navigation.patch
originCommit = ee9443aaf3bede9722f2d91db80f444d727f9f8f
pullRequest = https://github.com/esmuellert/codediff.nvim/pull/438

[patch "safe-last-diff-close"]
description = fix: keep Neovim open when closing the last diff tab
file = patches/007-safe-last-diff-close.patch
originCommit = 2b2f488fab0b5c3b6dbc9c11ea19d2936cd03841
pullRequest = https://github.com/esmuellert/codediff.nvim/pull/440

[patch "ranged-line-highlights"]
description = perf(ui): use ranged extmarks for line highlights
file = patches/008-ranged-line-highlights.patch
originCommit = fdf59b6ee648c2c5f6183c4742b1e467a91c837e
pullRequest = https://github.com/esmuellert/codediff.nvim/pull/461

[patch "hide-native-tabline"]
description = fix(ui): hide the native tabline in CodeDiff views
file = patches/009-hide-native-tabline.patch
originCommit = aa4964f8757aa5f5c4bec411846c7862b83c059b
pullRequest = https://github.com/esmuellert/codediff.nvim/pull/441

[patch "special-file-highlights"]
description = feat: highlight added and deleted single-file views
file = patches/010-special-file-highlights.patch
originCommit = 5d90f3ffb5d95cabfe4c447384c64a4cf704c4bf
pullRequest = https://github.com/esmuellert/codediff.nvim/pull/442

[patch "preserve-explorer-state"]
description = fix(explorer): preserve tree state across refreshes
file = patches/011-preserve-explorer-state.patch
originCommit = 9e94576bf1ea2966a890ce03fbe45355b85ba423
pullRequest = https://github.com/esmuellert/codediff.nvim/pull/443

[patch "configurable-fillers"]
description = feat: make filler text configurable
file = patches/012-configurable-fillers.patch
originCommit = c3acc612c6bff51a7a6ed3ff3fc47923e676d940
pullRequest = https://github.com/esmuellert/codediff.nvim/pull/444

[patch "highlight-attributes"]
description = fix(highlights): preserve character group attributes
file = patches/013-highlight-attributes.patch
originCommit = 496deed42da874892a2c6daa911432fda9aa7d64
pullRequest = https://github.com/esmuellert/codediff.nvim/pull/447

[patch "explorer-line-statistics"]
description = feat(explorer): add optional line change statistics
file = patches/016-explorer-line-statistics.patch
originCommit = 1c53d1d58fa3bd701859babb03a4680e495cc0ce
pullRequest = https://github.com/esmuellert/codediff.nvim/pull/448

[patch "intraline-line-matching"]
description = feat: add native line matching strategies
file = patches/014-intraline-line-matching.patch
originCommit = 3c961f0e4b70aa367965345e03e68dfadbfe6648
pullRequest = https://github.com/esmuellert/codediff.nvim/pull/459

[patch "native-gutter-signs"]
description = Added native gutter signs support
file = patches/015-native-gutter-signs.patch
originCommit = a1426003fcc6c4f6f4cc79bbf2567af0a5d2fe04
pullRequest = https://github.com/esmuellert/codediff.nvim/pull/451

[patch "local-native-build"]
description = fix: build fork native library locally
file = patches/017-local-native-build.patch

[patch "fork-notice"]
file = patches/018-fork-notice.patch
