[stack]
upstream = 31510a9b34c032b6fe98fc158d4066702f68cff2
expectedHead = 8bdc74735ca1987be58b3d5979712d4f27b20ebd
expectedTree = 608ca95cee37713aa12aac13cb30f4779b22b5af
testCommand = make test
publishRemote = origin
publishBranch = main
repository = richardgill/codediff.nvim
noticePatch = fork-notice
referencePatches =
    perf-improvements
    design-line-wrapping
    pi-code-annotations
patches =
    scrollsync-follower-redraw
    local-benchmarks
    intraline-line-matching
    native-gutter-signs
    explorer-custom-keymaps
    local-native-build
    fork-notice

[patch "scrollsync-follower-redraw"]
description = fix(scrollsync): ignore follower redraw echoes
file = patches/023-scrollsync-follower-redraw.patch
originCommit = af332fe3db0ffd5bd396603f4e9912df6270b6be
pullRequest = https://github.com/esmuellert/codediff.nvim/pull/517

[patch "local-benchmarks"]
description = Add local performance benchmarks
file = patches/003-local-benchmarks.patch
originCommit = 7873437263a5af86fa8d4830df56adfc55a6ee51
pullRequest = https://github.com/esmuellert/codediff.nvim/pull/458

[patch "explorer-custom-keymaps"]
description = feat(explorer): custom keymaps
file = patches/022-explorer-custom-keymaps.patch
originCommit = 35f3f81d58873503214f2de1a1335686f056d724
pullRequest = https://github.com/esmuellert/codediff.nvim/pull/492

[patch "intraline-line-matching"]
description = feat: add line matching strategies
file = patches/014-intraline-line-matching.patch
originCommit = c52464a5bf61cf1eaab4ec364e4042aa710047eb
pullRequest = https://github.com/esmuellert/codediff.nvim/pull/459

[patch "native-gutter-signs"]
description = Added native gutter signs support
file = patches/015-native-gutter-signs.patch
originCommit = d3cb2ea809b48a65404806051d97cf6fa23b4c24
pullRequest = https://github.com/esmuellert/codediff.nvim/pull/451

[patch "local-native-build"]
description = fix: build fork native library locally
file = patches/017-local-native-build.patch

[patch "perf-improvements"]
description = perf improvements
file = patches/018-perf-improvements.patch
originCommit = 0b15ee032d53279e264112a45b4bbc45abf11429

[patch "design-line-wrapping"]
description = design: synchronized line wrapping and viewport rendering
file = patches/019-design-line-wrapping.patch
originCommit = 70ff0766533682c312a835e79584d942859fe827

[patch "pi-code-annotations"]
description = feat: add diff annotation integration API
file = patches/021-pi-code-annotations.patch
originCommit = 1220624e59d0bc9424a9bfca93f5ef2d8211bddd

[patch "fork-notice"]
file = patches/020-fork-notice.patch
