[stack]
upstream = 2fe8af3c91a5060a63bc150c3cc375f8f3f4cce0
expectedHead = a37d477dfb44f30f4c8fabafc551eed2d67dfb83
expectedTree = d3ad625a4e9205867c9277a36781c7d60dcf6c98
testCommand = make test
publishRemote = origin
publishBranch = main
repository = richardgill/codediff.nvim
noticePatch = fork-notice
referencePatches =
    perf-improvements
    design-line-wrapping
patches =
    local-benchmarks
    explorer-gf
    initial-explorer-selection
    safe-last-diff-close
    hide-native-tabline
    special-file-highlights
    preserve-explorer-state
    configurable-fillers
    highlight-attributes
    intraline-line-matching
    native-gutter-signs
    explorer-line-statistics
    local-native-build
    fork-notice

[patch "local-benchmarks"]
description = Add local performance benchmarks
file = patches/003-local-benchmarks.patch
originCommit = 029be427afe81b0547ce50777a3c55355a2e0799
pullRequest = https://github.com/esmuellert/codediff.nvim/pull/458

[patch "explorer-gf"]
description = fix: "gf" shortcut should open selected explorer file in previous tab
file = patches/004-explorer-gf.patch
originCommit = 633bee4b88a928ea87a407596728ae5ce1c56123
pullRequest = https://github.com/esmuellert/codediff.nvim/pull/321

[patch "initial-explorer-selection"]
description = fix(explorer): select the first visible file on initial open
file = patches/005-initial-explorer-selection.patch
originCommit = 4801ee41a7d54feb51a63d5dae8cbf481d0c42a8
pullRequest = https://github.com/esmuellert/codediff.nvim/pull/460

[patch "safe-last-diff-close"]
description = fix: keep Neovim open when closing the last diff tab
file = patches/007-safe-last-diff-close.patch
originCommit = e4ce2bdb637d6bc4adbf9f81c4a4e2383c7bd089
pullRequest = https://github.com/esmuellert/codediff.nvim/pull/440

[patch "hide-native-tabline"]
description = fix(ui): hide the native tabline in CodeDiff views
file = patches/009-hide-native-tabline.patch
originCommit = e92ad41e5394066c157319d23db97080640b4867
pullRequest = https://github.com/esmuellert/codediff.nvim/pull/441

[patch "special-file-highlights"]
description = feat: highlight added and deleted single-file views
file = patches/010-special-file-highlights.patch
originCommit = cf76557f0ece3d54c0d41a731ab6817e0910139b
pullRequest = https://github.com/esmuellert/codediff.nvim/pull/442

[patch "preserve-explorer-state"]
description = fix(explorer): preserve tree state across refreshes
file = patches/011-preserve-explorer-state.patch
originCommit = 6b81b9892a3d1203431a27b0447d2805c061152d
pullRequest = https://github.com/esmuellert/codediff.nvim/pull/443

[patch "configurable-fillers"]
description = feat: make filler text configurable
file = patches/012-configurable-fillers.patch
originCommit = 5bf364a8c16bbc376982a0c1ae6f41084a6a6046
pullRequest = https://github.com/esmuellert/codediff.nvim/pull/444

[patch "highlight-attributes"]
description = fix(highlights): preserve character group attributes
file = patches/013-highlight-attributes.patch
originCommit = f951b3e864f7a828f61e35b8328cfa661769a28b
pullRequest = https://github.com/esmuellert/codediff.nvim/pull/447

[patch "explorer-line-statistics"]
description = feat(explorer): Git stats + Explorer Keymaps + Explorer line renderer
file = patches/016-explorer-line-statistics.patch
originCommit = 6923e7af5ebc452e32c2b675a77c5f3196dda94c
pullRequest = https://github.com/esmuellert/codediff.nvim/pull/448

[patch "intraline-line-matching"]
description = feat: add line matching strategies
file = patches/014-intraline-line-matching.patch
originCommit = 41446eecb10adaf17a17dc129a7263dcca996ef7
pullRequest = https://github.com/esmuellert/codediff.nvim/pull/459

[patch "native-gutter-signs"]
description = Added native gutter signs support
file = patches/015-native-gutter-signs.patch
originCommit = a7e0ee9eebe4bdccd85a289bb66daf73bf6806d8
pullRequest = https://github.com/esmuellert/codediff.nvim/pull/451

[patch "local-native-build"]
description = fix: build fork native library locally
file = patches/017-local-native-build.patch

[patch "perf-improvements"]
description = perf improvements
file = patches/018-perf-improvements.patch
originCommit = 0b15ee032d53279e264112a45b4bbc45abf11429

[patch "design-line-wrapping"]
description = design: synchronized line wrapping and viewport rendering
file = patches/019-design-line-wrapping.patch
originCommit = 70ff0766533682c312a835e79584d942859fe827

[patch "fork-notice"]
file = patches/020-fork-notice.patch
